// !$*UTF8*$!
{
	archiveVersion = 1;
	classes = {
	};
	objectVersion = 56;
	objects = {

/* Begin PBXBuildFile section */
		AF1122102AB84A9200F3BCEB /* testApp.swift in Sources */ = {isa = PBXBuildFile; fileRef = AF11220F2AB84A9200F3BCEB /* testApp.swift */; };
		AF1122122AB84A9200F3BCEB /* ContentView.swift in Sources */ = {isa = PBXBuildFile; fileRef = AF1122112AB84A9200F3BCEB /* ContentView.swift */; };
		AF1122142AB84A9300F3BCEB /* Assets.xcassets in Resources */ = {isa = PBXBuildFile; fileRef = AF1122132AB84A9300F3BCEB /* Assets.xcassets */; };
		AF1122172AB84A9300F3BCEB /* Preview Assets.xcassets in Resources */ = {isa = PBXBuildFile; fileRef = AF1122162AB84A9300F3BCEB /* Preview Assets.xcassets */; };
		AF1122192AB84A9300F3BCEB /* Persistence.swift in Sources */ = {isa = PBXBuildFile; fileRef = AF1122182AB84A9300F3BCEB /* Persistence.swift */; };
		AF11221C2AB84A9300F3BCEB /* test.xcdatamodeld in Sources */ = {isa = PBXBuildFile; fileRef = AF11221A2AB84A9300F3BCEB /* test.xcdatamodeld */; };
		AF1122262AB84A9300F3BCEB /* testTests.swift in Sources */ = {isa = PBXBuildFile; fileRef = AF1122252AB84A9300F3BCEB /* testTests.swift */; };
		AF1122302AB84A9300F3BCEB /* testUITests.swift in Sources */ = {isa = PBXBuildFile; fileRef = AF11222F2AB84A9300F3BCEB /* testUITests.swift */; };
		AF1122322AB84A9300F3BCEB /* testUITestsLaunchTests.swift in Sources */ = {isa = PBXBuildFile; fileRef = AF1122312AB84A9300F3BCEB /* testUITestsLaunchTests.swift */; };
/* End PBXBuildFile section */

/* Begin PBXContainerItemProxy section */
		AF1122222AB84A9300F3BCEB /* PBXContainerItemProxy */ = {
			isa = PBXContainerItemProxy;
			containerPortal = AF1122042AB84A9200F3BCEB /* Project object */;
			proxyType = 1;
			remoteGlobalIDString = AF11220B2AB84A9200F3BCEB;
			remoteInfo = test;
		};
		AF11222C2AB84A9300F3BCEB /* PBXContainerItemProxy */ = {
			isa = PBXContainerItemProxy;
			containerPortal = AF1122042AB84A9200F3BCEB /* Project object */;
			proxyType = 1;
			remoteGlobalIDString = AF11220B2AB84A9200F3BCEB;
			remoteInfo = test;
		};
/* End PBXContainerItemProxy section */

/* Begin PBXFileReference section */
		AF11220C2AB84A9200F3BCEB /* test.app */ = {isa = PBXFileReference; explicitFileType = wrapper.application; includeInIndex = 0; path = test.app; sourceTree = BUILT_PRODUCTS_DIR; };
		AF11220F2AB84A9200F3BCEB /* testApp.swift */ = {isa = PBXFileReference; lastKnownFileType = sourcecode.swift; path = testApp.swift; sourceTree = "<group>"; };
		AF1122112AB84A9200F3BCEB /* ContentView.swift */ = {isa = PBXFileReference; lastKnownFileType = sourcecode.swift; path = ContentView.swift; sourceTree = "<group>"; };
		AF1122132AB84A9300F3BCEB /* Assets.xcassets */ = {isa = PBXFileReference; lastKnownFileType = folder.assetcatalog; path = Assets.xcassets; sourceTree = "<group>"; };
		AF1122162AB84A9300F3BCEB /* Preview Assets.xcassets */ = {isa = PBXFileReference; lastKnownFileType = folder.assetcatalog; path = "Preview Assets.xcassets"; sourceTree = "<group>"; };
		AF1122182AB84A9300F3BCEB /* Persistence.swift */ = {isa = PBXFileReference; lastKnownFileType = sourcecode.swift; path = Persistence.swift; sourceTree = "<group>"; };
		AF11221B2AB84A9300F3BCEB /* test.xcdatamodel */ = {isa = PBXFileReference; lastKnownFileType = wrapper.xcdatamodel; path = test.xcdatamodel; sourceTree = "<group>"; };
		AF1122212AB84A9300F3BCEB /* testTests.xctest */ = {isa = PBXFileReference; explicitFileType = wrapper.cfbundle; includeInIndex = 0; path = testTests.xctest; sourceTree = BUILT_PRODUCTS_DIR; };
		AF1122252AB84A9300F3BCEB /* testTests.swift */ = {isa = PBXFileReference; lastKnownFileType = sourcecode.swift; path = testTests.swift; sourceTree = "<group>"; };
		AF11222B2AB84A9300F3BCEB /* testUITests.xctest */ = {isa = PBXFileReference; explicitFileType = wrapper.cfbundle; includeInIndex = 0; path = testUITests.xctest; sourceTree = BUILT_PRODUCTS_DIR; };
		AF11222F2AB84A9300F3BCEB /* testUITests.swift */ = {isa = PBXFileReference; lastKnownFileType = sourcecode.swift; path = testUITests.swift; sourceTree = "<group>"; };
		AF1122312AB84A9300F3BCEB /* testUITestsLaunchTests.swift */ = {isa = PBXFileReference; lastKnownFileType = sourcecode.swift; path = testUITestsLaunchTests.swift; sourceTree = "<group>"; };
/* End PBXFileReference section */

/* Begin PBXFrameworksBuildPhase section */
		AF1122092AB84A9200F3BCEB /* Frameworks */ = {
			isa = PBXFrameworksBuildPhase;
			buildActionMask = 2147483647;
			files = (
			);
			runOnlyForDeploymentPostprocessing = 0;
		};
		AF11221E2AB84A9300F3BCEB /* Frameworks */ = {
			isa = PBXFrameworksBuildPhase;
			buildActionMask = 2147483647;
			files = (
			);
			runOnlyForDeploymentPostprocessing = 0;
		};
		AF1122282AB84A9300F3BCEB /* Frameworks */ = {
			isa = PBXFrameworksBuildPhase;
			buildActionMask = 2147483647;
			files = (
			);
			runOnlyForDeploymentPostprocessing = 0;
		};
/* End PBXFrameworksBuildPhase section */

/* Begin PBXGroup section */
		AF1122032AB84A9200F3BCEB = {
			isa = PBXGroup;
			children = (
				AF11220E2AB84A9200F3BCEB /* test */,
				AF1122242AB84A9300F3BCEB /* testTests */,
				AF11222E2AB84A9300F3BCEB /* testUITests */,
				AF11220D2AB84A9200F3BCEB /* Products */,
			);
			sourceTree = "<group>";
		};
		AF11220D2AB84A9200F3BCEB /* Products */ = {
			isa = PBXGroup;
			children = (
				AF11220C2AB84A9200F3BCEB /* test.app */,
				AF1122212AB84A9300F3BCEB /* testTests.xctest */,
				AF11222B2AB84A9300F3BCEB /* testUITests.xctest */,
			);
			name = Products;
			sourceTree = "<group>";
		};
		AF11220E2AB84A9200F3BCEB /* test */ = {
			isa = PBXGroup;
			children = (
				AF11220F2AB84A9200F3BCEB /* testApp.swift */,
				AF1122112AB84A9200F3BCEB /* ContentView.swift */,
				AF1122132AB84A9300F3BCEB /* Assets.xcassets */,
				AF1122182AB84A9300F3BCEB /* Persistence.swift */,
				AF11221A2AB84A9300F3BCEB /* test.xcdatamodeld */,
				AF1122152AB84A9300F3BCEB /* Preview Content */,
			);
			path = test;
			sourceTree = "<group>";
		};
		AF1122152AB84A9300F3BCEB /* Preview Content */ = {
			isa = PBXGroup;
			children = (
				AF1122162AB84A9300F3BCEB /* Preview Assets.xcassets */,
			);
			path = "Preview Content";
			sourceTree = "<group>";
		};
		AF1122242AB84A9300F3BCEB /* testTests */ = {
			isa = PBXGroup;
			children = (
				AF1122252AB84A9300F3BCEB /* testTests.swift */,
			);
			path = testTests;
			sourceTree = "<group>";
		};
		AF11222E2AB84A9300F3BCEB /* testUITests */ = {
			isa = PBXGroup;
			children = (
				AF11222F2AB84A9300F3BCEB /* testUITests.swift */,
				AF1122312AB84A9300F3BCEB /* testUITestsLaunchTests.swift */,
			);
			path = testUITests;
			sourceTree = "<group>";
		};
/* End PBXGroup section */

/* Begin PBXNativeTarget section */
		AF11220B2AB84A9200F3BCEB /* test */ = {
			isa = PBXNativeTarget;
			buildConfigurationList = AF1122352AB84A9300F3BCEB /* Build configuration list for PBXNativeTarget "test" */;
			buildPhases = (
				AF1122082AB84A9200F3BCEB /* Sources */,
				AF1122092AB84A9200F3BCEB /* Frameworks */,
				AF11220A2AB84A9200F3BCEB /* Resources */,
			);
			buildRules = (
			);
			dependencies = (
			);
			name = test;
			productName = test;
			productReference = AF11220C2AB84A9200F3BCEB /* test.app */;
			productType = "com.apple.product-type.application";
		};
		AF1122202AB84A9300F3BCEB /* testTests */ = {
			isa = PBXNativeTarget;
			buildConfigurationList = AF1122382AB84A9300F3BCEB /* Build configuration list for PBXNativeTarget "testTests" */;
			buildPhases = (
				AF11221D2AB84A9300F3BCEB /* Sources */,
				AF11221E2AB84A9300F3BCEB /* Frameworks */,
				AF11221F2AB84A9300F3BCEB /* Resources */,
			);
			buildRules = (
			);
			dependencies = (
				AF1122232AB84A9300F3BCEB /* PBXTargetDependency */,
			);
			name = testTests;
			productName = testTests;
			productReference = AF1122212AB84A9300F3BCEB /* testTests.xctest */;
			productType = "com.apple.product-type.bundle.unit-test";
		};
		AF11222A2AB84A9300F3BCEB /* testUITests */ = {
			isa = PBXNativeTarget;
			buildConfigurationList = AF11223B2AB84A9300F3BCEB /* Build configuration list for PBXNativeTarget "testUITests" */;
			buildPhases = (
				AF1122272AB84A9300F3BCEB /* Sources */,
				AF1122282AB84A9300F3BCEB /* Frameworks */,
				AF1122292AB84A9300F3BCEB /* Resources */,
			);
			buildRules = (
			);
			dependencies = (
				AF11222D2AB84A9300F3BCEB /* PBXTargetDependency */,
			);
			name = testUITests;
			productName = testUITests;
			productReference = AF11222B2AB84A9300F3BCEB /* testUITests.xctest */;
			productType = "com.apple.product-type.bundle.ui-testing";
		};
/* End PBXNativeTarget section */

/* Begin PBXProject section */
		AF1122042AB84A9200F3BCEB /* Project object */ = {
			isa = PBXProject;
			attributes = {
				BuildIndependentTargetsInParallel = 1;
				LastSwiftUpdateCheck = 1430;
				LastUpgradeCheck = 1430;
				TargetAttributes = {
					AF11220B2AB84A9200F3BCEB = {
						CreatedOnToolsVersion = 14.3.1;
					};
					AF1122202AB84A9300F3BCEB = {
						CreatedOnToolsVersion = 14.3.1;
						TestTargetID = AF11220B2AB84A9200F3BCEB;
					};
					AF11222A2AB84A9300F3BCEB = {
						CreatedOnToolsVersion = 14.3.1;
						TestTargetID = AF11220B2AB84A9200F3BCEB;
					};
				};
			};
			buildConfigurationList = AF1122072AB84A9200F3BCEB /* Build configuration list for PBXProject "test" */;
			compatibilityVersion = "Xcode 14.0";
			developmentRegion = en;
			hasScannedForEncodings = 0;
			knownRegions = (
				en,
				Base,
			);
			mainGroup = AF1122032AB84A9200F3BCEB;
			productRefGroup = AF11220D2AB84A9200F3BCEB /* Products */;
			projectDirPath = "";
			projectRoot = "";
			targets = (
				AF11220B2AB84A9200F3BCEB /* test */,
				AF1122202AB84A9300F3BCEB /* testTests */,
				AF11222A2AB84A9300F3BCEB /* testUITests */,
			);
		};
/* End PBXProject section */

/* Begin PBXResourcesBuildPhase section */
		AF11220A2AB84A9200F3BCEB /* Resources */ = {
			isa = PBXResourcesBuildPhase;
			buildActionMask = 2147483647;
			files = (
				AF1122172AB84A9300F3BCEB /* Preview Assets.xcassets in Resources */,
				AF1122142AB84A9300F3BCEB /* Assets.xcassets in Resources */,
			);
			runOnlyForDeploymentPostprocessing = 0;
		};
		AF11221F2AB84A9300F3BCEB /* Resources */ = {
			isa = PBXResourcesBuildPhase;
			buildActionMask = 2147483647;
			files = (
			);
			runOnlyForDeploymentPostprocessing = 0;
		};
		AF1122292AB84A9300F3BCEB /* Resources */ = {
			isa = PBXResourcesBuildPhase;
			buildActionMask = 2147483647;
			files = (
			);
			runOnlyForDeploymentPostprocessing = 0;
		};
/* End PBXResourcesBuildPhase section */

/* Begin PBXSourcesBuildPhase section */
		AF1122082AB84A9200F3BCEB /* Sources */ = {
			isa = PBXSourcesBuildPhase;
			buildActionMask = 2147483647;
			files = (
				AF1122192AB84A9300F3BCEB /* Persistence.swift in Sources */,
				AF11221C2AB84A9300F3BCEB /* test.xcdatamodeld in Sources */,
				AF1122122AB84A9200F3BCEB /* ContentView.swift in Sources */,
				AF1122102AB84A9200F3BCEB /* testApp.swift in Sources */,
			);
			runOnlyForDeploymentPostprocessing = 0;
		};
		AF11221D2AB84A9300F3BCEB /* Sources */ = {
			isa = PBXSourcesBuildPhase;
			buildActionMask = 2147483647;
			files = (
				AF1122262AB84A9300F3BCEB /* testTests.swift in Sources */,
			);
			runOnlyForDeploymentPostprocessing = 0;
		};
		AF1122272AB84A9300F3BCEB /* Sources */ = {
			isa = PBXSourcesBuildPhase;
			buildActionMask = 2147483647;
			files = (
				AF1122322AB84A9300F3BCEB /* testUITestsLaunchTests.swift in Sources */,
				AF1122302AB84A9300F3BCEB /* testUITests.swift in Sources */,
			);
			runOnlyForDeploymentPostprocessing = 0;
		};
/* End PBXSourcesBuildPhase section */

/* Begin PBXTargetDependency section */
		AF1122232AB84A9300F3BCEB /* PBXTargetDependency */ = {
			isa = PBXTargetDependency;
			target = AF11220B2AB84A9200F3BCEB /* test */;
			targetProxy = AF1122222AB84A9300F3BCEB /* PBXContainerItemProxy */;
		};
		AF11222D2AB84A9300F3BCEB /* PBXTargetDependency */ = {
			isa = PBXTargetDependency;
			target = AF11220B2AB84A9200F3BCEB /* test */;
			targetProxy = AF11222C2AB84A9300F3BCEB /* PBXContainerItemProxy */;
		};
/* End PBXTargetDependency section */

/* Begin XCBuildConfiguration section */
		AF1122332AB84A9300F3BCEB /* Debug */ = {
			isa = XCBuildConfiguration;
			buildSettings = {
				ALWAYS_SEARCH_USER_PATHS = NO;
				CLANG_ANALYZER_NONNULL = YES;
				CLANG_ANALYZER_NUMBER_OBJECT_CONVERSION = YES_AGGRESSIVE;
				CLANG_CXX_LANGUAGE_STANDARD = "gnu++20";
				CLANG_ENABLE_MODULES = YES;
				CLANG_ENABLE_OBJC_ARC = YES;
				CLANG_ENABLE_OBJC_WEAK = YES;
				CLANG_WARN_BLOCK_CAPTURE_AUTORELEASING = YES;
				CLANG_WARN_BOOL_CONVERSION = YES;
				CLANG_WARN_COMMA = YES;
				CLANG_WARN_CONSTANT_CONVERSION = YES;
				CLANG_WARN_DEPRECATED_OBJC_IMPLEMENTATIONS = YES;
				CLANG_WARN_DIRECT_OBJC_ISA_USAGE = YES_ERROR;
				CLANG_WARN_DOCUMENTATION_COMMENTS = YES;
				CLANG_WARN_EMPTY_BODY = YES;
				CLANG_WARN_ENUM_CONVERSION = YES;
				CLANG_WARN_INFINITE_RECURSION = YES;
				CLANG_WARN_INT_CONVERSION = YES;
				CLANG_WARN_NON_LITERAL_NULL_CONVERSION = YES;
				CLANG_WARN_OBJC_IMPLICIT_RETAIN_SELF = YES;
				CLANG_WARN_OBJC_LITERAL_CONVERSION = YES;
				CLANG_WARN_OBJC_ROOT_CLASS = YES_ERROR;
				CLANG_WARN_QUOTED_INCLUDE_IN_FRAMEWORK_HEADER = YES;
				CLANG_WARN_RANGE_LOOP_ANALYSIS = YES;
				CLANG_WARN_STRICT_PROTOTYPES = YES;
				CLANG_WARN_SUSPICIOUS_MOVE = YES;
				CLANG_WARN_UNGUARDED_AVAILABILITY = YES_AGGRESSIVE;
				CLANG_WARN_UNREACHABLE_CODE = YES;
				CLANG_WARN__DUPLICATE_METHOD_MATCH = YES;
				COPY_PHASE_STRIP = NO;
				DEBUG_INFORMATION_FORMAT = dwarf;
				ENABLE_STRICT_OBJC_MSGSEND = YES;
				ENABLE_TESTABILITY = YES;
				GCC_C_LANGUAGE_STANDARD = gnu11;
				GCC_DYNAMIC_NO_PIC = NO;
				GCC_NO_COMMON_BLOCKS = YES;
				GCC_OPTIMIZATION_LEVEL = 0;
				GCC_PREPROCESSOR_DEFINITIONS = (
					"DEBUG=1",
					"$(inherited)",
				);
				GCC_WARN_64_TO_32_BIT_CONVERSION = YES;
				GCC_WARN_ABOUT_RETURN_TYPE = YES_ERROR;
				GCC_WARN_UNDECLARED_SELECTOR = YES;
				GCC_WARN_UNINITIALIZED_AUTOS = YES_AGGRESSIVE;
				GCC_WARN_UNUSED_FUNCTION = YES;
				GCC_WARN_UNUSED_VARIABLE = YES;
				IPHONEOS_DEPLOYMENT_TARGET = 16.4;
				MTL_ENABLE_DEBUG_INFO = INCLUDE_SOURCE;
				MTL_FAST_MATH = YES;
				ONLY_ACTIVE_ARCH = YES;
				SDKROOT = iphoneos;
				SWIFT_ACTIVE_COMPILATION_CONDITIONS = DEBUG;
				SWIFT_OPTIMIZATION_LEVEL = "-Onone";
			};
			name = Debug;
		};
		AF1122342AB84A9300F3BCEB /* Release */ = {
			isa = XCBuildConfiguration;
			buildSettings = {
				ALWAYS_SEARCH_USER_PATHS = NO;
				CLANG_ANALYZER_NONNULL = YES;
				CLANG_ANALYZER_NUMBER_OBJECT_CONVERSION = YES_AGGRESSIVE;
				CLANG_CXX_LANGUAGE_STANDARD = "gnu++20";
				CLANG_ENABLE_MODULES = YES;
				CLANG_ENABLE_OBJC_ARC = YES;
				CLANG_ENABLE_OBJC_WEAK = YES;
				CLANG_WARN_BLOCK_CAPTURE_AUTORELEASING = YES;
				CLANG_WARN_BOOL_CONVERSION = YES;
				CLANG_WARN_COMMA = YES;
				CLANG_WARN_CONSTANT_CONVERSION = YES;
				CLANG_WARN_DEPRECATED_OBJC_IMPLEMENTATIONS = YES;
				CLANG_WARN_DIRECT_OBJC_ISA_USAGE = YES_ERROR;
				CLANG_WARN_DOCUMENTATION_COMMENTS = YES;
				CLANG_WARN_EMPTY_BODY = YES;
				CLANG_WARN_ENUM_CONVERSION = YES;
				CLANG_WARN_INFINITE_RECURSION = YES;
				CLANG_WARN_INT_CONVERSION = YES;
				CLANG_WARN_NON_LITERAL_NULL_CONVERSION = YES;
				CLANG_WARN_OBJC_IMPLICIT_RETAIN_SELF = YES;
				CLANG_WARN_OBJC_LITERAL_CONVERSION = YES;
				CLANG_WARN_OBJC_ROOT_CLASS = YES_ERROR;
				CLANG_WARN_QUOTED_INCLUDE_IN_FRAMEWORK_HEADER = YES;
				CLANG_WARN_RANGE_LOOP_ANALYSIS = YES;
				CLANG_WARN_STRICT_PROTOTYPES = YES;
				CLANG_WARN_SUSPICIOUS_MOVE = YES;
				CLANG_WARN_UNGUARDED_AVAILABILITY = YES_AGGRESSIVE;
				CLANG_WARN_UNREACHABLE_CODE = YES;
				CLANG_WARN__DUPLICATE_METHOD_MATCH = YES;
				COPY_PHASE_STRIP = NO;
				DEBUG_INFORMATION_FORMAT = "dwarf-with-dsym";
				ENABLE_NS_ASSERTIONS = NO;
				ENABLE_STRICT_OBJC_MSGSEND = YES;
				GCC_C_LANGUAGE_STANDARD = gnu11;
				GCC_NO_COMMON_BLOCKS = YES;
				GCC_WARN_64_TO_32_BIT_CONVERSION = YES;
				GCC_WARN_ABOUT_RETURN_TYPE = YES_ERROR;
				GCC_WARN_UNDECLARED_SELECTOR = YES;
				GCC_WARN_UNINITIALIZED_AUTOS = YES_AGGRESSIVE;
				GCC_WARN_UNUSED_FUNCTION = YES;
				GCC_WARN_UNUSED_VARIABLE = YES;
				IPHONEOS_DEPLOYMENT_TARGET = 16.4;
				MTL_ENABLE_DEBUG_INFO = NO;
				MTL_FAST_MATH = YES;
				SDKROOT = iphoneos;
				SWIFT_COMPILATION_MODE = wholemodule;
				SWIFT_OPTIMIZATION_LEVEL = "-O";
				VALIDATE_PRODUCT = YES;
			};
			name = Release;
		};
		AF1122362AB84A9300F3BCEB /* Debug */ = {
			isa = XCBuildConfiguration;
			buildSettings = {
				ASSETCATALOG_COMPILER_APPICON_NAME = AppIcon;
				ASSETCATALOG_COMPILER_GLOBAL_ACCENT_COLOR_NAME = AccentColor;
				CODE_SIGN_STYLE = Automatic;
				CURRENT_PROJECT_VERSION = 1;
				DEVELOPMENT_ASSET_PATHS = "\"test/Preview Content\"";
				DEVELOPMENT_TEAM = H26KGNHNNP;
				ENABLE_PREVIEWS = YES;
				GENERATE_INFOPLIST_FILE = YES;
				INFOPLIST_KEY_UIApplicationSceneManifest_Generation = YES;
				INFOPLIST_KEY_UIApplicationSupportsIndirectInputEvents = YES;
				INFOPLIST_KEY_UILaunchScreen_Generation = YES;
				INFOPLIST_KEY_UISupportedInterfaceOrientations_iPad = "UIInterfaceOrientationPortrait UIInterfaceOrientationPortraitUpsideDown UIInterfaceOrientationLandscapeLeft UIInterfaceOrientationLandscapeRight";
				INFOPLIST_KEY_UISupportedInterfaceOrientations_iPhone = "UIInterfaceOrientationPortrait UIInterfaceOrientationLandscapeLeft UIInterfaceOrientationLandscapeRight";
				LD_RUNPATH_SEARCH_PATHS = (
					"$(inherited)",
					"@executable_path/Frameworks",
				);
				MARKETING_VERSION = 1.0;
				PRODUCT_BUNDLE_IDENTIFIER = tatu.test;
				PRODUCT_NAME = "$(TARGET_NAME)";
				SWIFT_EMIT_LOC_STRINGS = YES;
				SWIFT_VERSION = 5.0;
				TARGETED_DEVICE_FAMILY = "1,2";
			};
			name = Debug;
		};
		AF1122372AB84A9300F3BCEB /* Release */ = {
			isa = XCBuildConfiguration;
			buildSettings = {
				ASSETCATALOG_COMPILER_APPICON_NAME = AppIcon;
				ASSETCATALOG_COMPILER_GLOBAL_ACCENT_COLOR_NAME = AccentColor;
				CODE_SIGN_STYLE = Automatic;
				CURRENT_PROJECT_VERSION = 1;
				DEVELOPMENT_ASSET_PATHS = "\"test/Preview Content\"";
				DEVELOPMENT_TEAM = H26KGNHNNP;
				ENABLE_PREVIEWS = YES;
				GENERATE_INFOPLIST_FILE = YES;
				INFOPLIST_KEY_UIApplicationSceneManifest_Generation = YES;
				INFOPLIST_KEY_UIApplicationSupportsIndirectInputEvents = YES;
				INFOPLIST_KEY_UILaunchScreen_Generation = YES;
				INFOPLIST_KEY_UISupportedInterfaceOrientations_iPad = "UIInterfaceOrientationPortrait UIInterfaceOrientationPortraitUpsideDown UIInterfaceOrientationLandscapeLeft UIInterfaceOrientationLandscapeRight";
				INFOPLIST_KEY_UISupportedInterfaceOrientations_iPhone = "UIInterfaceOrientationPortrait UIInterfaceOrientationLandscapeLeft UIInterfaceOrientationLandscapeRight";
				LD_RUNPATH_SEARCH_PATHS = (
					"$(inherited)",
					"@executable_path/Frameworks",
				);
				MARKETING_VERSION = 1.0;
				PRODUCT_BUNDLE_IDENTIFIER = tatu.test;
				PRODUCT_NAME = "$(TARGET_NAME)";
				SWIFT_EMIT_LOC_STRINGS = YES;
				SWIFT_VERSION = 5.0;
				TARGETED_DEVICE_FAMILY = "1,2";
			};
			name = Release;
		};
		AF1122392AB84A9300F3BCEB /* Debug */ = {
			isa = XCBuildConfiguration;
			buildSettings = {
				ALWAYS_EMBED_SWIFT_STANDARD_LIBRARIES = YES;
				BUNDLE_LOADER = "$(TEST_HOST)";
				CODE_SIGN_STYLE = Automatic;
				CURRENT_PROJECT_VERSION = 1;
				DEVELOPMENT_TEAM = H26KGNHNNP;
				GENERATE_INFOPLIST_FILE = YES;
				IPHONEOS_DEPLOYMENT_TARGET = 16.4;
				MARKETING_VERSION = 1.0;
				PRODUCT_BUNDLE_IDENTIFIER = tatu.testTests;
				PRODUCT_NAME = "$(TARGET_NAME)";
				SWIFT_EMIT_LOC_STRINGS = NO;
				SWIFT_VERSION = 5.0;
				TARGETED_DEVICE_FAMILY = "1,2";
				TEST_HOST = "$(BUILT_PRODUCTS_DIR)/test.app/$(BUNDLE_EXECUTABLE_FOLDER_PATH)/test";
			};
			name = Debug;
		};
		AF11223A2AB84A9300F3BCEB /* Release */ = {
			isa = XCBuildConfiguration;
			buildSettings = {
				ALWAYS_EMBED_SWIFT_STANDARD_LIBRARIES = YES;
				BUNDLE_LOADER = "$(TEST_HOST)";
				CODE_SIGN_STYLE = Automatic;
				CURRENT_PROJECT_VERSION = 1;
				DEVELOPMENT_TEAM = H26KGNHNNP;
				GENERATE_INFOPLIST_FILE = YES;
				IPHONEOS_DEPLOYMENT_TARGET = 16.4;
				MARKETING_VERSION = 1.0;
				PRODUCT_BUNDLE_IDENTIFIER = tatu.testTests;
				PRODUCT_NAME = "$(TARGET_NAME)";
				SWIFT_EMIT_LOC_STRINGS = NO;
				SWIFT_VERSION = 5.0;
				TARGETED_DEVICE_FAMILY = "1,2";
				TEST_HOST = "$(BUILT_PRODUCTS_DIR)/test.app/$(BUNDLE_EXECUTABLE_FOLDER_PATH)/test";
			};
			name = Release;
		};
		AF11223C2AB84A9300F3BCEB /* Debug */ = {
			isa = XCBuildConfiguration;
			buildSettings = {
				ALWAYS_EMBED_SWIFT_STANDARD_LIBRARIES = YES;
				CODE_SIGN_STYLE = Automatic;
				CURRENT_PROJECT_VERSION = 1;
				DEVELOPMENT_TEAM = H26KGNHNNP;
				GENERATE_INFOPLIST_FILE = YES;
				MARKETING_VERSION = 1.0;
				PRODUCT_BUNDLE_IDENTIFIER = tatu.testUITests;
				PRODUCT_NAME = "$(TARGET_NAME)";
				SWIFT_EMIT_LOC_STRINGS = NO;
				SWIFT_VERSION = 5.0;
				TARGETED_DEVICE_FAMILY = "1,2";
				TEST_TARGET_NAME = test;
			};
			name = Debug;
		};
		AF11223D2AB84A9300F3BCEB /* Release */ = {
			isa = XCBuildConfiguration;
			buildSettings = {
				ALWAYS_EMBED_SWIFT_STANDARD_LIBRARIES = YES;
				CODE_SIGN_STYLE = Automatic;
				CURRENT_PROJECT_VERSION = 1;
				DEVELOPMENT_TEAM = H26KGNHNNP;
				GENERATE_INFOPLIST_FILE = YES;
				MARKETING_VERSION = 1.0;
				PRODUCT_BUNDLE_IDENTIFIER = tatu.testUITests;
				PRODUCT_NAME = "$(TARGET_NAME)";
				SWIFT_EMIT_LOC_STRINGS = NO;
				SWIFT_VERSION = 5.0;
				TARGETED_DEVICE_FAMILY = "1,2";
				TEST_TARGET_NAME = test;
			};
			name = Release;
		};
/* End XCBuildConfiguration section */

/* Begin XCConfigurationList section */
		AF1122072AB84A9200F3BCEB /* Build configuration list for PBXProject "test" */ = {
			isa = XCConfigurationList;
			buildConfigurations = (
				AF1122332AB84A9300F3BCEB /* Debug */,
				AF1122342AB84A9300F3BCEB /* Release */,
			);
			defaultConfigurationIsVisible = 0;
			defaultConfigurationName = Release;
		};
		AF1122352AB84A9300F3BCEB /* Build configuration list for PBXNativeTarget "test" */ = {
			isa = XCConfigurationList;
			buildConfigurations = (
				AF1122362AB84A9300F3BCEB /* Debug */,
				AF1122372AB84A9300F3BCEB /* Release */,
			);
			defaultConfigurationIsVisible = 0;
			defaultConfigurationName = Release;
		};
		AF1122382AB84A9300F3BCEB /* Build configuration list for PBXNativeTarget "testTests" */ = {
			isa = XCConfigurationList;
			buildConfigurations = (
				AF1122392AB84A9300F3BCEB /* Debug */,
				AF11223A2AB84A9300F3BCEB /* Release */,
			);
			defaultConfigurationIsVisible = 0;
			defaultConfigurationName = Release;
		};
		AF11223B2AB84A9300F3BCEB /* Build configuration list for PBXNativeTarget "testUITests" */ = {
			isa = XCConfigurationList;
			buildConfigurations = (
				AF11223C2AB84A9300F3BCEB /* Debug */,
				AF11223D2AB84A9300F3BCEB /* Release */,
			);
			defaultConfigurationIsVisible = 0;
			defaultConfigurationName = Release;
		};
/* End XCConfigurationList section */

/* Begin XCVersionGroup section */
		AF11221A2AB84A9300F3BCEB /* test.xcdatamodeld */ = {
			isa = XCVersionGroup;
			children = (
				AF11221B2AB84A9300F3BCEB /* test.xcdatamodel */,
			);
			currentVersion = AF11221B2AB84A9300F3BCEB /* test.xcdatamodel */;
			path = test.xcdatamodeld;
			sourceTree = "<group>";
			versionGroupType = wrapper.xcdatamodel;
		};
/* End XCVersionGroup section */
	};
	rootObject = AF1122042AB84A9200F3BCEB /* Project object */;
}
